
Microsoft Visual Studio Solution File, Format Version 12.00
# Visual Studio Version 17
VisualStudioVersion = 17.11.35222.181
MinimumVisualStudioVersion = 10.0.40219.1
Project("{FAE04EC0-301F-11D3-BF4B-00C04F79EFBC}") = "C#_Day1_Exe1", "C#_Day1_Exe1.csproj", "{7DD57ECF-4DE8-481F-BD8D-6DEE59FA3785}"
EndProject
Global
	GlobalSection(SolutionConfigurationPlatforms) = preSolution
		Debug|Any CPU = Debug|Any CPU
		Release|Any CPU = Release|Any CPU
	EndGlobalSection
	GlobalSection(ProjectConfigurationPlatforms) = postSolution
		{7DD57ECF-4DE8-481F-BD8D-6DEE59FA3785}.Debug|Any CPU.ActiveCfg = Debug|Any CPU
		{7DD57ECF-4DE8-481F-BD8D-6DEE59FA3785}.Debug|Any CPU.Build.0 = Debug|Any CPU
		{7DD57ECF-4DE8-481F-BD8D-6DEE59FA3785}.Release|Any CPU.ActiveCfg = Release|Any CPU
		{7DD57ECF-4DE8-481F-BD8D-6DEE59FA3785}.Release|Any CPU.Build.0 = Release|Any CPU
	EndGlobalSection
	GlobalSection(SolutionProperties) = preSolution
		HideSolutionNode = FALSE
	EndGlobalSection
	GlobalSection(ExtensibilityGlobals) = postSolution
		SolutionGuid = {059673E1-E30C-4227-A1EF-7B57B5B57343}
	EndGlobalSection
EndGlobal
